{
  "nodes": {
    "nixpkgs": {
      "locked": {
        "lastModified": 1775888245,
        "narHash": "sha256-nwASzrRDD1JBEu/o8ekKYEXm/oJW6EMCzCRdrwcLe90=",
        "owner": "NixOS",
        "repo": "nixpkgs",
        "rev": "13043924aaa7375ce482ebe2494338e058282925",
        "type": "github"
      },
      "original": {
        "owner": "NixOS",
        "ref": "nixpkgs-unstable",
        "repo": "nixpkgs",
        "type": "github"
      }
    },
    "nixpkgs-llvm7": {
      "locked": {
        "lastModified": 1704290814,
        "narHash": "sha256-LWvKHp7kGxk/GEtlrGYV68qIvPHkU9iToomNFGagixU=",
        "owner": "NixOS",
        "repo": "nixpkgs",
        "rev": "70bdadeb94ffc8806c0570eb5c2695ad29f0e421",
        "type": "github"
      },
      "original": {
        "owner": "NixOS",
        "ref": "nixos-23.05",
        "repo": "nixpkgs",
        "type": "github"
      }
    },
    "root": {
      "inputs": {
        "nixpkgs": "nixpkgs",
        "nixpkgs-llvm7": "nixpkgs-llvm7",
        "rust-overlay": "rust-overlay"
      }
    },
    "rust-overlay": {
      "inputs": {
        "nixpkgs": [
          "nixpkgs"
        ]
      },
      "locked": {
        "lastModified": 1776136407,
        "narHash": "sha256-Cp8XrVLGruSDBTRs8L4LmvaEcd76tHHU9esLk7Ysa4E=",
        "owner": "oxalica",
        "repo": "rust-overlay",
        "rev": "753568957a87312ed599cba5699e67126eded6c0",
        "type": "github"
      },
      "original": {
        "owner": "oxalica",
        "repo": "rust-overlay",
        "type": "github"
      }
    }
  },
  "root": "root",
  "version": 7
}
